Microsoft Visual Studio Solution File, Format Version 12.00
# Visual Studio Version 17
VisualStudioVersion = 17.0.31903.59
MinimumVisualStudioVersion = 10.0.40219.1
Project("{2150E333-8FDC-42A3-9474-1A3956D46DE8}") = "Backend", "Backend", "{11111111-1111-1111-1111-111111111111}"
EndProject
Project("{2150E333-8FDC-42A3-9474-1A3956D46DE8}") = "Modules", "Modules", "{22222222-2222-2222-2222-222222222222}"
EndProject
Project("{2150E333-8FDC-42A3-9474-1A3956D46DE8}") = "Frontend", "Frontend", "{33333333-3333-3333-3333-333333333333}"
EndProject
Project("{2150E333-8FDC-42A3-9474-1A3956D46DE8}") = "app", "app", "{44444444-4444-4444-4444-444444444444}"
	ProjectSection(SolutionItems) = preProject
		src\frontend\app\index.html = src\frontend\app\index.html
		src\frontend\app\main.tsx = src\frontend\app\main.tsx
		src\frontend\app\apiFetch.ts = src\frontend\app\apiFetch.ts
		src\frontend\app\menu.ts = src\frontend\app\menu.ts
	EndProjectSection
EndProject
Project("{2150E333-8FDC-42A3-9474-1A3956D46DE8}") = "electron", "electron", "{55555555-5555-5555-5555-555555555555}"
	ProjectSection(SolutionItems) = preProject
		src\frontend\electron\electron-builder.yml = src\frontend\electron\electron-builder.yml
		src\frontend\electron\package-lock.json = src\frontend\electron\package-lock.json
		src\frontend\electron\package.json = src\frontend\electron\package.json
		src\frontend\electron\tsconfig.json = src\frontend\electron\tsconfig.json
		src\frontend\electron\tsconfig.main.json = src\frontend\electron\tsconfig.main.json
		src\frontend\electron\tsconfig.preload.json = src\frontend\electron\tsconfig.preload.json
		src\frontend\electron\vite.config.ts = src\frontend\electron\vite.config.ts
		src\frontend\electron\main\main.ts = src\frontend\electron\main\main.ts
		src\frontend\electron\main\ipc.ts = src\frontend\electron\main\ipc.ts
		src\frontend\electron\preload\preload.ts = src\frontend\electron\preload\preload.ts
	EndProjectSection
EndProject
Project("{2150E333-8FDC-42A3-9474-1A3956D46DE8}") = "Tools", "Tools", "{66666666-6666-6666-6666-666666666666}"
EndProject
Project("{9A19103F-16F7-4668-BE54-9A1E7A4F7556}") = "Platform.Api", "src\backend\Platform.Api\Platform.Api.csproj", "{A2D0870B-E774-45A2-AD02-318375E22BC5}"
EndProject
Project("{9A19103F-16F7-4668-BE54-9A1E7A4F7556}") = "Platform.Contracts", "src\backend\Platform.Contracts\Platform.Contracts.csproj", "{E0D4F874-9124-4353-B330-BE59AD1D3E60}"
EndProject
Project("{9A19103F-16F7-4668-BE54-9A1E7A4F7556}") = "Platform.Kernel", "src\backend\Platform.Kernel\Platform.Kernel.csproj", "{DDDDDDDD-DDDD-DDDD-DDDD-DDDDDDDDDDDD}"
EndProject
Project("{9A19103F-16F7-4668-BE54-9A1E7A4F7556}") = "Platform.Tests", "src\backend\Platform.Tests\Platform.Tests.csproj", "{EEEEEEEE-EEEE-EEEE-EEEE-EEEEEEEEEEEE}"
EndProject
Project("{9A19103F-16F7-4668-BE54-9A1E7A4F7556}") = "Platform.Module.Health", "src\modules\Platform.Module.Health\Platform.Module.Health.csproj", "{B029F14F-1D86-400E-B718-86918AECD1BF}"
EndProject
Project("{9A19103F-16F7-4668-BE54-9A1E7A4F7556}") = "Platform.Module.Ksef", "src\modules\Platform.Module.Ksef\Platform.Module.Ksef.csproj", "{C8B39799-577A-4D9D-93E2-B3F0620135B1}"
EndProject
Project("{9A19103F-16F7-4668-BE54-9A1E7A4F7556}") = "LicenseGenerator", "src\tools\LicenseGenerator\LicenseGenerator.csproj", "{7A4A2D7D-4F23-4F37-8E5D-8249C33DCD01}"
EndProject
Project("{9A19103F-16F7-4668-BE54-9A1E7A4F7556}") = "LicenseGeneratorGUI", "src\tools\LicenseGeneratorGUI\LicenseGeneratorGUI.csproj", "{83C3E2C7-2F49-4D1F-8E0C-95DFE4A5EE12}"
EndProject
Global
	GlobalSection(SolutionConfigurationPlatforms) = preSolution
		Debug|Any CPU = Debug|Any CPU
		Release|Any CPU = Release|Any CPU
	EndGlobalSection
	GlobalSection(ProjectConfigurationPlatforms) = postSolution
		{A2D0870B-E774-45A2-AD02-318375E22BC5}.Debug|Any CPU.ActiveCfg = Debug|Any CPU
		{A2D0870B-E774-45A2-AD02-318375E22BC5}.Debug|Any CPU.Build.0 = Debug|Any CPU
		{A2D0870B-E774-45A2-AD02-318375E22BC5}.Release|Any CPU.ActiveCfg = Release|Any CPU
		{A2D0870B-E774-45A2-AD02-318375E22BC5}.Release|Any CPU.Build.0 = Release|Any CPU
		{E0D4F874-9124-4353-B330-BE59AD1D3E60}.Debug|Any CPU.ActiveCfg = Debug|Any CPU
		{E0D4F874-9124-4353-B330-BE59AD1D3E60}.Debug|Any CPU.Build.0 = Debug|Any CPU
		{E0D4F874-9124-4353-B330-BE59AD1D3E60}.Release|Any CPU.ActiveCfg = Release|Any CPU
		{E0D4F874-9124-4353-B330-BE59AD1D3E60}.Release|Any CPU.Build.0 = Release|Any CPU
		{DDDDDDDD-DDDD-DDDD-DDDD-DDDDDDDDDDDD}.Debug|Any CPU.ActiveCfg = Debug|Any CPU
		{DDDDDDDD-DDDD-DDDD-DDDD-DDDDDDDDDDDD}.Debug|Any CPU.Build.0 = Debug|Any CPU
		{DDDDDDDD-DDDD-DDDD-DDDD-DDDDDDDDDDDD}.Release|Any CPU.ActiveCfg = Release|Any CPU
		{DDDDDDDD-DDDD-DDDD-DDDD-DDDDDDDDDDDD}.Release|Any CPU.Build.0 = Release|Any CPU
		{EEEEEEEE-EEEE-EEEE-EEEE-EEEEEEEEEEEE}.Debug|Any CPU.ActiveCfg = Debug|Any CPU
		{EEEEEEEE-EEEE-EEEE-EEEE-EEEEEEEEEEEE}.Debug|Any CPU.Build.0 = Debug|Any CPU
		{EEEEEEEE-EEEE-EEEE-EEEE-EEEEEEEEEEEE}.Release|Any CPU.ActiveCfg = Release|Any CPU
		{EEEEEEEE-EEEE-EEEE-EEEE-EEEEEEEEEEEE}.Release|Any CPU.Build.0 = Release|Any CPU
		{B029F14F-1D86-400E-B718-86918AECD1BF}.Debug|Any CPU.ActiveCfg = Debug|Any CPU
		{B029F14F-1D86-400E-B718-86918AECD1BF}.Debug|Any CPU.Build.0 = Debug|Any CPU
		{B029F14F-1D86-400E-B718-86918AECD1BF}.Release|Any CPU.ActiveCfg = Release|Any CPU
		{B029F14F-1D86-400E-B718-86918AECD1BF}.Release|Any CPU.Build.0 = Release|Any CPU
		{C8B39799-577A-4D9D-93E2-B3F0620135B1}.Debug|Any CPU.ActiveCfg = Debug|Any CPU
		{C8B39799-577A-4D9D-93E2-B3F0620135B1}.Debug|Any CPU.Build.0 = Debug|Any CPU
		{C8B39799-577A-4D9D-93E2-B3F0620135B1}.Release|Any CPU.ActiveCfg = Release|Any CPU
		{C8B39799-577A-4D9D-93E2-B3F0620135B1}.Release|Any CPU.Build.0 = Release|Any CPU
		{7A4A2D7D-4F23-4F37-8E5D-8249C33DCD01}.Debug|Any CPU.ActiveCfg = Debug|Any CPU
		{7A4A2D7D-4F23-4F37-8E5D-8249C33DCD01}.Debug|Any CPU.Build.0 = Debug|Any CPU
		{7A4A2D7D-4F23-4F37-8E5D-8249C33DCD01}.Release|Any CPU.ActiveCfg = Release|Any CPU
		{7A4A2D7D-4F23-4F37-8E5D-8249C33DCD01}.Release|Any CPU.Build.0 = Release|Any CPU
		{83C3E2C7-2F49-4D1F-8E0C-95DFE4A5EE12}.Debug|Any CPU.ActiveCfg = Debug|Any CPU
		{83C3E2C7-2F49-4D1F-8E0C-95DFE4A5EE12}.Debug|Any CPU.Build.0 = Debug|Any CPU
		{83C3E2C7-2F49-4D1F-8E0C-95DFE4A5EE12}.Release|Any CPU.ActiveCfg = Release|Any CPU
		{83C3E2C7-2F49-4D1F-8E0C-95DFE4A5EE12}.Release|Any CPU.Build.0 = Release|Any CPU
	EndGlobalSection
	GlobalSection(SolutionProperties) = preSolution
		HideSolutionNode = FALSE
	EndGlobalSection
	GlobalSection(NestedProjects) = preSolution
		{A2D0870B-E774-45A2-AD02-318375E22BC5} = {11111111-1111-1111-1111-111111111111}
		{E0D4F874-9124-4353-B330-BE59AD1D3E60} = {11111111-1111-1111-1111-111111111111}
		{DDDDDDDD-DDDD-DDDD-DDDD-DDDDDDDDDDDD} = {11111111-1111-1111-1111-111111111111}
		{EEEEEEEE-EEEE-EEEE-EEEE-EEEEEEEEEEEE} = {11111111-1111-1111-1111-111111111111}
		{B029F14F-1D86-400E-B718-86918AECD1BF} = {22222222-2222-2222-2222-222222222222}
		{C8B39799-577A-4D9D-93E2-B3F0620135B1} = {22222222-2222-2222-2222-222222222222}
		{44444444-4444-4444-4444-444444444444} = {33333333-3333-3333-3333-333333333333}
		{55555555-5555-5555-5555-555555555555} = {33333333-3333-3333-3333-333333333333}
		{7A4A2D7D-4F23-4F37-8E5D-8249C33DCD01} = {66666666-6666-6666-6666-666666666666}
		{83C3E2C7-2F49-4D1F-8E0C-95DFE4A5EE12} = {66666666-6666-6666-6666-666666666666}
	EndGlobalSection
EndGlobal
